
Microsoft Visual Studio Solution File, Format Version 12.00
# Visual Studio Version 16
VisualStudioVersion = 16.0.29215.179
MinimumVisualStudioVersion = 10.0.40219.1
Project("{9A19103F-16F7-4668-BE54-9A1E7A4F7556}") = "Miru-Naibu", "Miru-Naibu.csproj", "{3B503422-955C-4F05-821E-9B0D012E5ED4}"
EndProject
Project("{2150E333-8FDC-42A3-9474-1A3956D46DE8}") = "ExternalPlugins", "ExternalPlugins", "{ABA5E397-021E-4C76-93C0-9A964E4B0F89}"
EndProject
Project("{9A19103F-16F7-4668-BE54-9A1E7A4F7556}") = "HelloPlugin", "ExternalPlugins\HelloPlugin\HelloPlugin.csproj", "{126D4923-B944-48A4-9617-5C563611E4BF}"
EndProject
Project("{9A19103F-16F7-4668-BE54-9A1E7A4F7556}") = "XcopyablePlugin", "ExternalPlugins\XcopyablePlugin\XcopyablePlugin.csproj", "{F2047AA5-AB27-4D00-81C0-CDDEDC09E225}"
EndProject
Global
	GlobalSection(SolutionConfigurationPlatforms) = preSolution
		Debug|Any CPU = Debug|Any CPU
		Release|Any CPU = Release|Any CPU
	EndGlobalSection
	GlobalSection(ProjectConfigurationPlatforms) = postSolution
		{3B503422-955C-4F05-821E-9B0D012E5ED4}.Debug|Any CPU.ActiveCfg = Debug|Any CPU
		{3B503422-955C-4F05-821E-9B0D012E5ED4}.Debug|Any CPU.Build.0 = Debug|Any CPU
		{3B503422-955C-4F05-821E-9B0D012E5ED4}.Release|Any CPU.ActiveCfg = Release|Any CPU
		{3B503422-955C-4F05-821E-9B0D012E5ED4}.Release|Any CPU.Build.0 = Release|Any CPU
		{126D4923-B944-48A4-9617-5C563611E4BF}.Debug|Any CPU.ActiveCfg = Debug|Any CPU
		{126D4923-B944-48A4-9617-5C563611E4BF}.Debug|Any CPU.Build.0 = Debug|Any CPU
		{126D4923-B944-48A4-9617-5C563611E4BF}.Release|Any CPU.ActiveCfg = Release|Any CPU
		{126D4923-B944-48A4-9617-5C563611E4BF}.Release|Any CPU.Build.0 = Release|Any CPU
		{F2047AA5-AB27-4D00-81C0-CDDEDC09E225}.Debug|Any CPU.ActiveCfg = Debug|Any CPU
		{F2047AA5-AB27-4D00-81C0-CDDEDC09E225}.Debug|Any CPU.Build.0 = Debug|Any CPU
		{F2047AA5-AB27-4D00-81C0-CDDEDC09E225}.Release|Any CPU.ActiveCfg = Release|Any CPU
		{F2047AA5-AB27-4D00-81C0-CDDEDC09E225}.Release|Any CPU.Build.0 = Release|Any CPU
	EndGlobalSection
	GlobalSection(SolutionProperties) = preSolution
		HideSolutionNode = FALSE
	EndGlobalSection
	GlobalSection(NestedProjects) = preSolution
		{126D4923-B944-48A4-9617-5C563611E4BF} = {ABA5E397-021E-4C76-93C0-9A964E4B0F89}
		{F2047AA5-AB27-4D00-81C0-CDDEDC09E225} = {ABA5E397-021E-4C76-93C0-9A964E4B0F89}
	EndGlobalSection
	GlobalSection(ExtensibilityGlobals) = postSolution
		SolutionGuid = {91095A3A-6050-4826-9E1B-701197F2060C}
	EndGlobalSection
EndGlobal
