
Microsoft Visual Studio Solution File, Format Version 12.00
# Visual Studio Version 16
VisualStudioVersion = 16.0.29215.179
MinimumVisualStudioVersion = 10.0.40219.1
Project("{9A19103F-16F7-4668-BE54-9A1E7A4F7556}") = "Miru-Naibu", "Miru-Naibu.csproj", "{1A905F36-1EBB-4E8C-AE5B-F76DDBC02113}"
EndProject
Global
	GlobalSection(SolutionConfigurationPlatforms) = preSolution
		Debug|Any CPU = Debug|Any CPU
		Release|Any CPU = Release|Any CPU
	EndGlobalSection
	GlobalSection(ProjectConfigurationPlatforms) = postSolution
		{1A905F36-1EBB-4E8C-AE5B-F76DDBC02113}.Debug|Any CPU.ActiveCfg = Debug|Any CPU
		{1A905F36-1EBB-4E8C-AE5B-F76DDBC02113}.Debug|Any CPU.Build.0 = Debug|Any CPU
		{1A905F36-1EBB-4E8C-AE5B-F76DDBC02113}.Release|Any CPU.ActiveCfg = Release|Any CPU
		{1A905F36-1EBB-4E8C-AE5B-F76DDBC02113}.Release|Any CPU.Build.0 = Release|Any CPU
	EndGlobalSection
	GlobalSection(SolutionProperties) = preSolution
		HideSolutionNode = FALSE
	EndGlobalSection
	GlobalSection(ExtensibilityGlobals) = postSolution
		SolutionGuid = {6EB29B75-4B14-45B7-AA1B-12BDE9736C40}
	EndGlobalSection
EndGlobal
